lockfileVersion: 5.3

specifiers:
  '@commitlint/cli': 9.1.2
  '@commitlint/config-conventional': 8.0.0

dependencies:
  '@commitlint/cli': 9.1.2
  '@commitlint/config-conventional': 8.0.0

packages:
  /@babel/code-frame/7.14.5:
    resolution:
      {
        integrity: sha512-9pzDqyc6OLDaqe+zbACgFkb6fKMNG6CObKpnYXChRsvYGyEdc7CA2BaqeOM+vOtCS5ndmJicPJhKAwYRI6UfFw==,
      }
    engines: { node: '>=6.9.0' }
    dependencies:
      '@babel/highlight': 7.14.5
    dev: false

  /@babel/helper-validator-identifier/7.14.9:
    resolution:
      {
        integrity: sha512-pQYxPY0UP6IHISRitNe8bsijHex4TWZXi2HwKVsjPiltzlhse2znVcm9Ace510VT1kxIHjGJCZZQBX2gJDbo0g==,
      }
    engines: { node: '>=6.9.0' }
    dev: false

  /@babel/highlight/7.14.5:
    resolution:
      {
        integrity: sha512-qf9u2WFWVV0MppaL877j2dBtQIDgmidgjGk5VIMw3OadXvYaXn66U1BFlH2t4+t3i+8PhedppRv+i40ABzd+gg==,
      }
    engines: { node: '>=6.9.0' }
    dependencies:
      '@babel/helper-validator-identifier': 7.14.9
      chalk: 2.4.2
      js-tokens: 4.0.0
    dev: false

  /@babel/runtime/7.15.4:
    resolution:
      {
        integrity: sha512-99catp6bHCaxr4sJ/DbTGgHS4+Rs2RVd2g7iOap6SLGPDknRK9ztKNsE/Fg6QhSeh1FGE5f6gHGQmvvn3I3xhw==,
      }
    engines: { node: '>=6.9.0' }
    dependencies:
      regenerator-runtime: 0.13.9
    dev: false

  /@commitlint/cli/9.1.2:
    resolution:
      {
        integrity: sha512-ctRrrPqjZ8r4Vc4FXpPaScEpkPwfvB0Us3NK2SD2AnLwXGMxOLFTabDmNySU1Xc40ud2CmJsaV8lpavvzs8ZZA==,
      }
    engines: { node: '>=v8.17.0' }
    hasBin: true
    dependencies:
      '@babel/runtime': 7.15.4
      '@commitlint/format': 9.1.2
      '@commitlint/lint': 9.1.2
      '@commitlint/load': 9.1.2
      '@commitlint/read': 9.1.2
      chalk: 4.1.0
      core-js: 3.17.2
      get-stdin: 7.0.0
      lodash: 4.17.21
      resolve-from: 5.0.0
      resolve-global: 1.0.0
      yargs: 15.4.1
    dev: false

  /@commitlint/config-conventional/8.0.0:
    resolution:
      {
        integrity: sha512-umg1irroowOV+x8oZPBw8woCogZO5MFKUYQq+fRZvhowoSwDHXYILP3ETcdHUgvytw/K/a8Xvu7iCypK6oZQ+g==,
      }
    dev: false

  /@commitlint/ensure/9.1.2:
    resolution:
      {
        integrity: sha512-hwQICwpNSTsZgj/1/SdPvYAzhwjwgCJI4vLbT879+Jc+AJ6sj2bUDGw/F89vzgKz1VnaMm4D65bNhoWhG3pdhQ==,
      }
    engines: { node: '>=v8.17.0' }
    dependencies:
      '@commitlint/types': 9.1.2
      lodash: 4.17.21
    dev: false

  /@commitlint/execute-rule/9.1.2:
    resolution:
      {
        integrity: sha512-NGbeo0KCVYo1yj9vVPFHv6RGFpIF6wcQxpFYUKGIzZVV9Vz1WyiKS689JXa99Dt1aN0cZlEJJLnTNDIgYls0Vg==,
      }
    engines: { node: '>=v8.17.0' }
    dev: false

  /@commitlint/format/9.1.2:
    resolution:
      {
        integrity: sha512-+ZWTOSGEU6dbn3NRh1q7sY5K5QLiSs7E2uSzuYnWHXcQk8nlTvnE0ibwMCQxdKLaOTZiN57fHM/7M9Re2gsRuw==,
      }
    engines: { node: '>=v8.17.0' }
    dependencies:
      '@commitlint/types': 9.1.2
      chalk: 4.1.0
    dev: false

  /@commitlint/is-ignored/9.1.2:
    resolution:
      {
        integrity: sha512-423W/+Ro+Cc8cg81+t9gds1EscMZNjnGT31nKDvxVxJxXiXQsYYoFEQbU+nfUrRGQsUikEgEJ3ppVGr1linvcQ==,
      }
    engines: { node: '>=v8.17.0' }
    dependencies:
      '@commitlint/types': 9.1.2
      semver: 7.3.2
    dev: false

  /@commitlint/lint/9.1.2:
    resolution:
      {
        integrity: sha512-XvggqHZ4XSTKOgzJhCzz52cWRRO57QQnEviwGj0qnD4jdwC+8h2u9LNZwoa2tGAuaNM3nSm//wNK7FRZhgiiFA==,
      }
    engines: { node: '>=v8.17.0' }
    dependencies:
      '@commitlint/is-ignored': 9.1.2
      '@commitlint/parse': 9.1.2
      '@commitlint/rules': 9.1.2
      '@commitlint/types': 9.1.2
    dev: false

  /@commitlint/load/9.1.2:
    resolution:
      {
        integrity: sha512-FPL82xBuF7J3EJ57kLVoligQP4BFRwrknooP+vNT787AXmQ/Fddc/iYYwHwy67pNkk5N++/51UyDl/CqiHb6nA==,
      }
    engines: { node: '>=v8.17.0' }
    dependencies:
      '@commitlint/execute-rule': 9.1.2
      '@commitlint/resolve-extends': 9.1.2
      '@commitlint/types': 9.1.2
      chalk: 4.1.0
      cosmiconfig: 6.0.0
      lodash: 4.17.21
      resolve-from: 5.0.0
    dev: false

  /@commitlint/message/9.1.2:
    resolution:
      {
        integrity: sha512-ndlx5z7bPVLG347oYJUHuQ41eTcsw+aUYT1ZwQyci0Duy2atpuoeeSw9SuM1PjufzRCpb6ExzFEgGzcCRKAJsg==,
      }
    engines: { node: '>=v8.17.0' }
    dev: false

  /@commitlint/parse/9.1.2:
    resolution:
      {
        integrity: sha512-d+/VYbkotctW+lzDpus/R6xTerOqFQkW1myH+3PwnqYSE6JU/uHT4MlZNGJBv8pX9SPlR66t6X9puFobqtezEw==,
      }
    engines: { node: '>=v8.17.0' }
    dependencies:
      conventional-changelog-angular: 5.0.12
      conventional-commits-parser: 3.2.1
    dev: false

  /@commitlint/read/9.1.2:
    resolution:
      {
        integrity: sha512-C2sNBQOqeQXMxpWtRnXYKYB3D9yuybPtQNY/P67A6o8XH/UMHkFaUTyIx1KRgu0IG0yTTItRt46FGnsMWLotvA==,
      }
    engines: { node: '>=v8.17.0' }
    dependencies:
      '@commitlint/top-level': 9.1.2
      fs-extra: 8.1.0
      git-raw-commits: 2.0.10
    dev: false

  /@commitlint/resolve-extends/9.1.2:
    resolution:
      {
        integrity: sha512-HcoL+qFGmWEu9VM4fY0HI+VzF4yHcg3x+9Hx6pYFZ+r2wLbnKs964y0v68oyMO/mS/46MVoLNXZGR8U3adpadg==,
      }
    engines: { node: '>=v8.17.0' }
    dependencies:
      import-fresh: 3.3.0
      lodash: 4.17.21
      resolve-from: 5.0.0
      resolve-global: 1.0.0
    dev: false

  /@commitlint/rules/9.1.2:
    resolution:
      {
        integrity: sha512-1vecFuzqVqjiT57ocXq1bL8V6GEF1NZs3BR0dQzObaqHftImIxBVII299gasckTkcuxNc8M+7XxZyKxUthukpQ==,
      }
    engines: { node: '>=v8.17.0' }
    dependencies:
      '@commitlint/ensure': 9.1.2
      '@commitlint/message': 9.1.2
      '@commitlint/to-lines': 9.1.2
      '@commitlint/types': 9.1.2
    dev: false

  /@commitlint/to-lines/9.1.2:
    resolution:
      {
        integrity: sha512-o4zWcMf9EnzA3MOqx01780SgrKq5hqDJmUBPk30g6an0XcDuDy3OSZHHTJFdzsg4V9FjC4OY44sFeK7GN7NaxQ==,
      }
    engines: { node: '>=v8.17.0' }
    dev: false

  /@commitlint/top-level/9.1.2:
    resolution:
      {
        integrity: sha512-KMPP5xVePcz3B1dKqcZdU4FZBVOkT+bG3ip4RQX2TeCJoomMkTjd0utALs7rpTGLID6BXbwwXepZCZJREjR/Bw==,
      }
    engines: { node: '>=v8.17.0' }
    dependencies:
      find-up: 4.1.0
    dev: false

  /@commitlint/types/9.1.2:
    resolution:
      {
        integrity: sha512-r3fwVbVH+M8W0qYlBBZFsUwKe6NT5qvz+EmU7sr8VeN1cQ63z+3cfXyTo7WGGEMEgKiT0jboNAK3b1FZp8k9LQ==,
      }
    engines: { node: '>=v8.17.0' }
    dev: false

  /@types/minimist/1.2.2:
    resolution:
      {
        integrity: sha512-jhuKLIRrhvCPLqwPcx6INqmKeiA5EWrsCOPhrlFSrbrmU4ZMPjj5Ul/oLCMDO98XRUIwVm78xICz4EPCektzeQ==,
      }
    dev: false

  /@types/normalize-package-data/2.4.1:
    resolution:
      {
        integrity: sha512-Gj7cI7z+98M282Tqmp2K5EIsoouUEzbBJhQQzDE3jSIRk6r9gsz0oUokqIUR4u1R3dMHo0pDHM7sNOHyhulypw==,
      }
    dev: false

  /@types/parse-json/4.0.0:
    resolution:
      {
        integrity: sha512-//oorEZjL6sbPcKUaCdIGlIUeH26mgzimjBB77G6XRgnDl/L5wOnpyBGRe/Mmf5CVW3PwEBE1NjiMZ/ssFh4wA==,
      }
    dev: false

  /JSONStream/1.3.5:
    resolution:
      {
        integrity: sha512-E+iruNOY8VV9s4JEbe1aNEm6MiszPRr/UfcHMz0TQh1BXSxHK+ASV1R6W4HpjBhSeS+54PIsAMCBmwD06LLsqQ==,
      }
    hasBin: true
    dependencies:
      jsonparse: 1.3.1
      through: 2.3.8
    dev: false

  /ansi-regex/5.0.0:
    resolution:
      {
        integrity: sha512-bY6fj56OUQ0hU1KjFNDQuJFezqKdrAyFdIevADiqrWHwSlbmBNMHp5ak2f40Pm8JTFyM2mqxkG6ngkHO11f/lg==,
      }
    engines: { node: '>=8' }
    dev: false

  /ansi-styles/3.2.1:
    resolution:
      {
        integrity: sha512-VT0ZI6kZRdTh8YyJw3SMbYm/u+NqfsAxEpWO0Pf9sq8/e94WxxOpPKx9FR1FlyCtOVDNOQ+8ntlqFxiRc+r5qA==,
      }
    engines: { node: '>=4' }
    dependencies:
      color-convert: 1.9.3
    dev: false

  /ansi-styles/4.3.0:
    resolution:
      {
        integrity: sha512-zbB9rCJAT1rbjiVDb2hqKFHNYLxgtk8NURxZ3IZwD3F6NtxbXZQCnnSi1Lkx+IDohdPlFp222wVALIheZJQSEg==,
      }
    engines: { node: '>=8' }
    dependencies:
      color-convert: 2.0.1
    dev: false

  /array-ify/1.0.0:
    resolution: { integrity: sha1-nlKHYrSpBmrRY6aWKjZEGOlibs4= }
    dev: false

  /arrify/1.0.1:
    resolution: { integrity: sha1-iYUI2iIm84DfkEcoRWhJwVAaSw0= }
    engines: { node: '>=0.10.0' }
    dev: false

  /callsites/3.1.0:
    resolution:
      {
        integrity: sha512-P8BjAsXvZS+VIDUI11hHCQEv74YT67YUi5JJFNWIqL235sBmjX4+qx9Muvls5ivyNENctx46xQLQ3aTuE7ssaQ==,
      }
    engines: { node: '>=6' }
    dev: false

  /camelcase-keys/6.2.2:
    resolution:
      {
        integrity: sha512-YrwaA0vEKazPBkn0ipTiMpSajYDSe+KjQfrjhcBMxJt/znbvlHd8Pw/Vamaz5EB4Wfhs3SUR3Z9mwRu/P3s3Yg==,
      }
    engines: { node: '>=8' }
    dependencies:
      camelcase: 5.3.1
      map-obj: 4.2.1
      quick-lru: 4.0.1
    dev: false

  /camelcase/5.3.1:
    resolution:
      {
        integrity: sha512-L28STB170nwWS63UjtlEOE3dldQApaJXZkOI1uMFfzf3rRuPegHaHesyee+YxQ+W6SvRDQV6UrdOdRiR153wJg==,
      }
    engines: { node: '>=6' }
    dev: false

  /chalk/2.4.2:
    resolution:
      {
        integrity: sha512-Mti+f9lpJNcwF4tWV8/OrTTtF1gZi+f8FqlyAdouralcFWFQWF2+NgCHShjkCb+IFBLq9buZwE1xckQU4peSuQ==,
      }
    engines: { node: '>=4' }
    dependencies:
      ansi-styles: 3.2.1
      escape-string-regexp: 1.0.5
      supports-color: 5.5.0
    dev: false

  /chalk/4.1.0:
    resolution:
      {
        integrity: sha512-qwx12AxXe2Q5xQ43Ac//I6v5aXTipYrSESdOgzrN+9XjgEpyjpKuvSGaN4qE93f7TQTlerQQ8S+EQ0EyDoVL1A==,
      }
    engines: { node: '>=10' }
    dependencies:
      ansi-styles: 4.3.0
      supports-color: 7.2.0
    dev: false

  /cliui/6.0.0:
    resolution:
      {
        integrity: sha512-t6wbgtoCXvAzst7QgXxJYqPt0usEfbgQdftEPbLL/cvv6HPE5VgvqCuAIDR0NgU52ds6rFwqrgakNLrHEjCbrQ==,
      }
    dependencies:
      string-width: 4.2.2
      strip-ansi: 6.0.0
      wrap-ansi: 6.2.0
    dev: false

  /color-convert/1.9.3:
    resolution:
      {
        integrity: sha512-QfAUtd+vFdAtFQcC8CCyYt1fYWxSqAiK2cSD6zDB8N3cpsEBAvRxp9zOGg6G/SHHJYAT88/az/IuDGALsNVbGg==,
      }
    dependencies:
      color-name: 1.1.3
    dev: false

  /color-convert/2.0.1:
    resolution:
      {
        integrity: sha512-RRECPsj7iu/xb5oKYcsFHSppFNnsj/52OVTRKb4zP5onXwVF3zVmmToNcOfGC+CRDpfK/U584fMg38ZHCaElKQ==,
      }
    engines: { node: '>=7.0.0' }
    dependencies:
      color-name: 1.1.4
    dev: false

  /color-name/1.1.3:
    resolution: { integrity: sha1-p9BVi9icQveV3UIyj3QIMcpTvCU= }
    dev: false

  /color-name/1.1.4:
    resolution:
      {
        integrity: sha512-dOy+3AuW3a2wNbZHIuMZpTcgjGuLU/uBL/ubcZF9OXbDo8ff4O8yVp5Bf0efS8uEoYo5q4Fx7dY9OgQGXgAsQA==,
      }
    dev: false

  /compare-func/2.0.0:
    resolution:
      {
        integrity: sha512-zHig5N+tPWARooBnb0Zx1MFcdfpyJrfTJ3Y5L+IFvUm8rM74hHz66z0gw0x4tijh5CorKkKUCnW82R2vmpeCRA==,
      }
    dependencies:
      array-ify: 1.0.0
      dot-prop: 5.3.0
    dev: false

  /conventional-changelog-angular/5.0.12:
    resolution:
      {
        integrity: sha512-5GLsbnkR/7A89RyHLvvoExbiGbd9xKdKqDTrArnPbOqBqG/2wIosu0fHwpeIRI8Tl94MhVNBXcLJZl92ZQ5USw==,
      }
    engines: { node: '>=10' }
    dependencies:
      compare-func: 2.0.0
      q: 1.5.1
    dev: false

  /conventional-commits-parser/3.2.1:
    resolution:
      {
        integrity: sha512-OG9kQtmMZBJD/32NEw5IhN5+HnBqVjy03eC+I71I0oQRFA5rOgA4OtPOYG7mz1GkCfCNxn3gKIX8EiHJYuf1cA==,
      }
    engines: { node: '>=10' }
    hasBin: true
    dependencies:
      is-text-path: 1.0.1
      JSONStream: 1.3.5
      lodash: 4.17.21
      meow: 8.1.2
      split2: 3.2.2
      through2: 4.0.2
      trim-off-newlines: 1.0.1
    dev: false

  /core-js/3.17.2:
    resolution:
      {
        integrity: sha512-XkbXqhcXeMHPRk2ItS+zQYliAMilea2euoMsnpRRdDad6b2VY6CQQcwz1K8AnWesfw4p165RzY0bTnr3UrbYiA==,
      }
    requiresBuild: true
    dev: false

  /cosmiconfig/6.0.0:
    resolution:
      {
        integrity: sha512-xb3ZL6+L8b9JLLCx3ZdoZy4+2ECphCMo2PwqgP1tlfVq6M6YReyzBJtvWWtbDSpNr9hn96pkCiZqUcFEc+54Qg==,
      }
    engines: { node: '>=8' }
    dependencies:
      '@types/parse-json': 4.0.0
      import-fresh: 3.3.0
      parse-json: 5.2.0
      path-type: 4.0.0
      yaml: 1.10.2
    dev: false

  /dargs/7.0.0:
    resolution:
      {
        integrity: sha512-2iy1EkLdlBzQGvbweYRFxmFath8+K7+AKB0TlhHWkNuH+TmovaMH/Wp7V7R4u7f4SnX3OgLsU9t1NI9ioDnUpg==,
      }
    engines: { node: '>=8' }
    dev: false

  /decamelize-keys/1.1.0:
    resolution: { integrity: sha1-0XGoeTMlKAfrPLYdwcFEXQeN8tk= }
    engines: { node: '>=0.10.0' }
    dependencies:
      decamelize: 1.2.0
      map-obj: 1.0.1
    dev: false

  /decamelize/1.2.0:
    resolution: { integrity: sha1-9lNNFRSCabIDUue+4m9QH5oZEpA= }
    engines: { node: '>=0.10.0' }
    dev: false

  /dot-prop/5.3.0:
    resolution:
      {
        integrity: sha512-QM8q3zDe58hqUqjraQOmzZ1LIH9SWQJTlEKCH4kJ2oQvLZk7RbQXvtDM2XEq3fwkV9CCvvH4LA0AV+ogFsBM2Q==,
      }
    engines: { node: '>=8' }
    dependencies:
      is-obj: 2.0.0
    dev: false

  /emoji-regex/8.0.0:
    resolution:
      {
        integrity: sha512-MSjYzcWNOA0ewAHpz0MxpYFvwg6yjy1NG3xteoqz644VCo/RPgnr1/GGt+ic3iJTzQ8Eu3TdM14SawnVUmGE6A==,
      }
    dev: false

  /error-ex/1.3.2:
    resolution:
      {
        integrity: sha512-7dFHNmqeFSEt2ZBsCriorKnn3Z2pj+fd9kmI6QoWw4//DL+icEBfc0U7qJCisqrTsKTjw4fNFy2pW9OqStD84g==,
      }
    dependencies:
      is-arrayish: 0.2.1
    dev: false

  /escape-string-regexp/1.0.5:
    resolution: { integrity: sha1-G2HAViGQqN/2rjuyzwIAyhMLhtQ= }
    engines: { node: '>=0.8.0' }
    dev: false

  /find-up/4.1.0:
    resolution:
      {
        integrity: sha512-PpOwAdQ/YlXQ2vj8a3h8IipDuYRi3wceVQQGYWxNINccq40Anw7BlsEXCMbt1Zt+OLA6Fq9suIpIWD0OsnISlw==,
      }
    engines: { node: '>=8' }
    dependencies:
      locate-path: 5.0.0
      path-exists: 4.0.0
    dev: false

  /fs-extra/8.1.0:
    resolution:
      {
        integrity: sha512-yhlQgA6mnOJUKOsRUFsgJdQCvkKhcz8tlZG5HBQfReYZy46OwLcY+Zia0mtdHsOo9y/hP+CxMN0TU9QxoOtG4g==,
      }
    engines: { node: '>=6 <7 || >=8' }
    dependencies:
      graceful-fs: 4.2.8
      jsonfile: 4.0.0
      universalify: 0.1.2
    dev: false

  /function-bind/1.1.1:
    resolution:
      {
        integrity: sha512-yIovAzMX49sF8Yl58fSCWJ5svSLuaibPxXQJFLmBObTuCr0Mf1KiPopGM9NiFjiYBCbfaa2Fh6breQ6ANVTI0A==,
      }
    dev: false

  /get-caller-file/2.0.5:
    resolution:
      {
        integrity: sha512-DyFP3BM/3YHTQOCUL/w0OZHR0lpKeGrxotcHWcqNEdnltqFwXVfhEBQ94eIo34AfQpo0rGki4cyIiftY06h2Fg==,
      }
    engines: { node: 6.* || 8.* || >= 10.* }
    dev: false

  /get-stdin/7.0.0:
    resolution:
      {
        integrity: sha512-zRKcywvrXlXsA0v0i9Io4KDRaAw7+a1ZpjRwl9Wox8PFlVCCHra7E9c4kqXCoCM9nR5tBkaTTZRBoCm60bFqTQ==,
      }
    engines: { node: '>=8' }
    dev: false

  /git-raw-commits/2.0.10:
    resolution:
      {
        integrity: sha512-sHhX5lsbG9SOO6yXdlwgEMQ/ljIn7qMpAbJZCGfXX2fq5T8M5SrDnpYk9/4HswTildcIqatsWa91vty6VhWSaQ==,
      }
    engines: { node: '>=10' }
    hasBin: true
    dependencies:
      dargs: 7.0.0
      lodash: 4.17.21
      meow: 8.1.2
      split2: 3.2.2
      through2: 4.0.2
    dev: false

  /global-dirs/0.1.1:
    resolution: { integrity: sha1-sxnA3UYH81PzvpzKTHL8FIxJ9EU= }
    engines: { node: '>=4' }
    dependencies:
      ini: 1.3.8
    dev: false

  /graceful-fs/4.2.8:
    resolution:
      {
        integrity: sha512-qkIilPUYcNhJpd33n0GBXTB1MMPp14TxEsEs0pTrsSVucApsYzW5V+Q8Qxhik6KU3evy+qkAAowTByymK0avdg==,
      }
    dev: false

  /hard-rejection/2.1.0:
    resolution:
      {
        integrity: sha512-VIZB+ibDhx7ObhAe7OVtoEbuP4h/MuOTHJ+J8h/eBXotJYl0fBgR72xDFCKgIh22OJZIOVNxBMWuhAr10r8HdA==,
      }
    engines: { node: '>=6' }
    dev: false

  /has-flag/3.0.0:
    resolution: { integrity: sha1-tdRU3CGZriJWmfNGfloH87lVuv0= }
    engines: { node: '>=4' }
    dev: false

  /has-flag/4.0.0:
    resolution:
      {
        integrity: sha512-EykJT/Q1KjTWctppgIAgfSO0tKVuZUjhgMr17kqTumMl6Afv3EISleU7qZUzoXDFTAHTDC4NOoG/ZxU3EvlMPQ==,
      }
    engines: { node: '>=8' }
    dev: false

  /has/1.0.3:
    resolution:
      {
        integrity: sha512-f2dvO0VU6Oej7RkWJGrehjbzMAjFp5/VKPp5tTpWIV4JHHZK1/BxbFRtf/siA2SWTe09caDmVtYYzWEIbBS4zw==,
      }
    engines: { node: '>= 0.4.0' }
    dependencies:
      function-bind: 1.1.1
    dev: false

  /hosted-git-info/2.8.9:
    resolution:
      {
        integrity: sha512-mxIDAb9Lsm6DoOJ7xH+5+X4y1LU/4Hi50L9C5sIswK3JzULS4bwk1FvjdBgvYR4bzT4tuUQiC15FE2f5HbLvYw==,
      }
    dev: false

  /hosted-git-info/4.0.2:
    resolution:
      {
        integrity: sha512-c9OGXbZ3guC/xOlCg1Ci/VgWlwsqDv1yMQL1CWqXDL0hDjXuNcq0zuR4xqPSuasI3kqFDhqSyTjREz5gzq0fXg==,
      }
    engines: { node: '>=10' }
    dependencies:
      lru-cache: 6.0.0
    dev: false

  /import-fresh/3.3.0:
    resolution:
      {
        integrity: sha512-veYYhQa+D1QBKznvhUHxb8faxlrwUnxseDAbAp457E0wLNio2bOSKnjYDhMj+YiAq61xrMGhQk9iXVk5FzgQMw==,
      }
    engines: { node: '>=6' }
    dependencies:
      parent-module: 1.0.1
      resolve-from: 4.0.0
    dev: false

  /indent-string/4.0.0:
    resolution:
      {
        integrity: sha512-EdDDZu4A2OyIK7Lr/2zG+w5jmbuk1DVBnEwREQvBzspBJkCEbRa8GxU1lghYcaGJCnRWibjDXlq779X1/y5xwg==,
      }
    engines: { node: '>=8' }
    dev: false

  /inherits/2.0.4:
    resolution:
      {
        integrity: sha512-k/vGaX4/Yla3WzyMCvTQOXYeIHvqOKtnqBduzTHpzpQZzAskKMhZ2K+EnBiSM9zGSoIFeMpXKxa4dYeZIQqewQ==,
      }
    dev: false

  /ini/1.3.8:
    resolution:
      {
        integrity: sha512-JV/yugV2uzW5iMRSiZAyDtQd+nxtUnjeLt0acNdw98kKLrvuRVyB80tsREOE7yvGVgalhZ6RNXCmEHkUKBKxew==,
      }
    dev: false

  /is-arrayish/0.2.1:
    resolution: { integrity: sha1-d8mYQFJ6qOyxqLppe4BkWnqSap0= }
    dev: false

  /is-core-module/2.6.0:
    resolution:
      {
        integrity: sha512-wShG8vs60jKfPWpF2KZRaAtvt3a20OAn7+IJ6hLPECpSABLcKtFKTTI4ZtH5QcBruBHlq+WsdHWyz0BCZW7svQ==,
      }
    dependencies:
      has: 1.0.3
    dev: false

  /is-fullwidth-code-point/3.0.0:
    resolution:
      {
        integrity: sha512-zymm5+u+sCsSWyD9qNaejV3DFvhCKclKdizYaJUuHA83RLjb7nSuGnddCHGv0hk+KY7BMAlsWeK4Ueg6EV6XQg==,
      }
    engines: { node: '>=8' }
    dev: false

  /is-obj/2.0.0:
    resolution:
      {
        integrity: sha512-drqDG3cbczxxEJRoOXcOjtdp1J/lyp1mNn0xaznRs8+muBhgQcrnbspox5X5fOw0HnMnbfDzvnEMEtqDEJEo8w==,
      }
    engines: { node: '>=8' }
    dev: false

  /is-plain-obj/1.1.0:
    resolution: { integrity: sha1-caUMhCnfync8kqOQpKA7OfzVHT4= }
    engines: { node: '>=0.10.0' }
    dev: false

  /is-text-path/1.0.1:
    resolution: { integrity: sha1-Thqg+1G/vLPpJogAE5cgLBd1tm4= }
    engines: { node: '>=0.10.0' }
    dependencies:
      text-extensions: 1.9.0
    dev: false

  /js-tokens/4.0.0:
    resolution:
      {
        integrity: sha512-RdJUflcE3cUzKiMqQgsCu06FPu9UdIJO0beYbPhHN4k6apgJtifcoCtT9bcxOpYBtpD2kCM6Sbzg4CausW/PKQ==,
      }
    dev: false

  /json-parse-even-better-errors/2.3.1:
    resolution:
      {
        integrity: sha512-xyFwyhro/JEof6Ghe2iz2NcXoj2sloNsWr/XsERDK/oiPCfaNhl5ONfp+jQdAZRQQ0IJWNzH9zIZF7li91kh2w==,
      }
    dev: false

  /jsonfile/4.0.0:
    resolution: { integrity: sha1-h3Gq4HmbZAdrdmQPygWPnBDjPss= }
    optionalDependencies:
      graceful-fs: 4.2.8
    dev: false

  /jsonparse/1.3.1:
    resolution: { integrity: sha1-P02uSpH6wxX3EGL4UhzCOfE2YoA= }
    engines: { '0': node >= 0.2.0 }
    dev: false

  /kind-of/6.0.3:
    resolution:
      {
        integrity: sha512-dcS1ul+9tmeD95T+x28/ehLgd9mENa3LsvDTtzm3vyBEO7RPptvAD+t44WVXaUjTBRcrpFeFlC8WCruUR456hw==,
      }
    engines: { node: '>=0.10.0' }
    dev: false

  /lines-and-columns/1.1.6:
    resolution: { integrity: sha1-HADHQ7QzzQpOgHWPe2SldEDZ/wA= }
    dev: false

  /locate-path/5.0.0:
    resolution:
      {
        integrity: sha512-t7hw9pI+WvuwNJXwk5zVHpyhIqzg2qTlklJOf0mVxGSbe3Fp2VieZcduNYjaLDoy6p9uGpQEGWG87WpMKlNq8g==,
      }
    engines: { node: '>=8' }
    dependencies:
      p-locate: 4.1.0
    dev: false

  /lodash/4.17.21:
    resolution:
      {
        integrity: sha512-v2kDEe57lecTulaDIuNTPy3Ry4gLGJ6Z1O3vE1krgXZNrsQ+LFTGHVxVjcXPs17LhbZVGedAJv8XZ1tvj5FvSg==,
      }
    dev: false

  /lru-cache/6.0.0:
    resolution:
      {
        integrity: sha512-Jo6dJ04CmSjuznwJSS3pUeWmd/H0ffTlkXXgwZi+eq1UCmqQwCh+eLsYOYCwY991i2Fah4h1BEMCx4qThGbsiA==,
      }
    engines: { node: '>=10' }
    dependencies:
      yallist: 4.0.0
    dev: false

  /map-obj/1.0.1:
    resolution: { integrity: sha1-2TPOuSBdgr3PSIb2dCvcK03qFG0= }
    engines: { node: '>=0.10.0' }
    dev: false

  /map-obj/4.2.1:
    resolution:
      {
        integrity: sha512-+WA2/1sPmDj1dlvvJmB5G6JKfY9dpn7EVBUL06+y6PoljPkh+6V1QihwxNkbcGxCRjt2b0F9K0taiCuo7MbdFQ==,
      }
    engines: { node: '>=8' }
    dev: false

  /meow/8.1.2:
    resolution:
      {
        integrity: sha512-r85E3NdZ+mpYk1C6RjPFEMSE+s1iZMuHtsHAqY0DT3jZczl0diWUZ8g6oU7h0M9cD2EL+PzaYghhCLzR0ZNn5Q==,
      }
    engines: { node: '>=10' }
    dependencies:
      '@types/minimist': 1.2.2
      camelcase-keys: 6.2.2
      decamelize-keys: 1.1.0
      hard-rejection: 2.1.0
      minimist-options: 4.1.0
      normalize-package-data: 3.0.3
      read-pkg-up: 7.0.1
      redent: 3.0.0
      trim-newlines: 3.0.1
      type-fest: 0.18.1
      yargs-parser: 20.2.9
    dev: false

  /min-indent/1.0.1:
    resolution:
      {
        integrity: sha512-I9jwMn07Sy/IwOj3zVkVik2JTvgpaykDZEigL6Rx6N9LbMywwUSMtxET+7lVoDLLd3O3IXwJwvuuns8UB/HeAg==,
      }
    engines: { node: '>=4' }
    dev: false

  /minimist-options/4.1.0:
    resolution:
      {
        integrity: sha512-Q4r8ghd80yhO/0j1O3B2BjweX3fiHg9cdOwjJd2J76Q135c+NDxGCqdYKQ1SKBuFfgWbAUzBfvYjPUEeNgqN1A==,
      }
    engines: { node: '>= 6' }
    dependencies:
      arrify: 1.0.1
      is-plain-obj: 1.1.0
      kind-of: 6.0.3
    dev: false

  /normalize-package-data/2.5.0:
    resolution:
      {
        integrity: sha512-/5CMN3T0R4XTj4DcGaexo+roZSdSFW/0AOOTROrjxzCG1wrWXEsGbRKevjlIL+ZDE4sZlJr5ED4YW0yqmkK+eA==,
      }
    dependencies:
      hosted-git-info: 2.8.9
      resolve: 1.20.0
      semver: 5.7.1
      validate-npm-package-license: 3.0.4
    dev: false

  /normalize-package-data/3.0.3:
    resolution:
      {
        integrity: sha512-p2W1sgqij3zMMyRC067Dg16bfzVH+w7hyegmpIvZ4JNjqtGOVAIvLmjBx3yP7YTe9vKJgkoNOPjwQGogDoMXFA==,
      }
    engines: { node: '>=10' }
    dependencies:
      hosted-git-info: 4.0.2
      is-core-module: 2.6.0
      semver: 7.3.5
      validate-npm-package-license: 3.0.4
    dev: false

  /p-limit/2.3.0:
    resolution:
      {
        integrity: sha512-//88mFWSJx8lxCzwdAABTJL2MyWB12+eIY7MDL2SqLmAkeKU9qxRvWuSyTjm3FUmpBEMuFfckAIqEaVGUDxb6w==,
      }
    engines: { node: '>=6' }
    dependencies:
      p-try: 2.2.0
    dev: false

  /p-locate/4.1.0:
    resolution:
      {
        integrity: sha512-R79ZZ/0wAxKGu3oYMlz8jy/kbhsNrS7SKZ7PxEHBgJ5+F2mtFW2fK2cOtBh1cHYkQsbzFV7I+EoRKe6Yt0oK7A==,
      }
    engines: { node: '>=8' }
    dependencies:
      p-limit: 2.3.0
    dev: false

  /p-try/2.2.0:
    resolution:
      {
        integrity: sha512-R4nPAVTAU0B9D35/Gk3uJf/7XYbQcyohSKdvAxIRSNghFl4e71hVoGnBNQz9cWaXxO2I10KTC+3jMdvvoKw6dQ==,
      }
    engines: { node: '>=6' }
    dev: false

  /parent-module/1.0.1:
    resolution:
      {
        integrity: sha512-GQ2EWRpQV8/o+Aw8YqtfZZPfNRWZYkbidE9k5rpl/hC3vtHHBfGm2Ifi6qWV+coDGkrUKZAxE3Lot5kcsRlh+g==,
      }
    engines: { node: '>=6' }
    dependencies:
      callsites: 3.1.0
    dev: false

  /parse-json/5.2.0:
    resolution:
      {
        integrity: sha512-ayCKvm/phCGxOkYRSCM82iDwct8/EonSEgCSxWxD7ve6jHggsFl4fZVQBPRNgQoKiuV/odhFrGzQXZwbifC8Rg==,
      }
    engines: { node: '>=8' }
    dependencies:
      '@babel/code-frame': 7.14.5
      error-ex: 1.3.2
      json-parse-even-better-errors: 2.3.1
      lines-and-columns: 1.1.6
    dev: false

  /path-exists/4.0.0:
    resolution:
      {
        integrity: sha512-ak9Qy5Q7jYb2Wwcey5Fpvg2KoAc/ZIhLSLOSBmRmygPsGwkVVt0fZa0qrtMz+m6tJTAHfZQ8FnmB4MG4LWy7/w==,
      }
    engines: { node: '>=8' }
    dev: false

  /path-parse/1.0.7:
    resolution:
      {
        integrity: sha512-LDJzPVEEEPR+y48z93A0Ed0yXb8pAByGWo/k5YYdYgpY2/2EsOsksJrq7lOHxryrVOn1ejG6oAp8ahvOIQD8sw==,
      }
    dev: false

  /path-type/4.0.0:
    resolution:
      {
        integrity: sha512-gDKb8aZMDeD/tZWs9P6+q0J9Mwkdl6xMV8TjnGP3qJVJ06bdMgkbBlLU8IdfOsIsFz2BW1rNVT3XuNEl8zPAvw==,
      }
    engines: { node: '>=8' }
    dev: false

  /q/1.5.1:
    resolution: { integrity: sha1-fjL3W0E4EpHQRhHxvxQQmsAGUdc= }
    engines: { node: '>=0.6.0', teleport: '>=0.2.0' }
    dev: false

  /quick-lru/4.0.1:
    resolution:
      {
        integrity: sha512-ARhCpm70fzdcvNQfPoy49IaanKkTlRWF2JMzqhcJbhSFRZv7nPTvZJdcY7301IPmvW+/p0RgIWnQDLJxifsQ7g==,
      }
    engines: { node: '>=8' }
    dev: false

  /read-pkg-up/7.0.1:
    resolution:
      {
        integrity: sha512-zK0TB7Xd6JpCLmlLmufqykGE+/TlOePD6qKClNW7hHDKFh/J7/7gCWGR7joEQEW1bKq3a3yUZSObOoWLFQ4ohg==,
      }
    engines: { node: '>=8' }
    dependencies:
      find-up: 4.1.0
      read-pkg: 5.2.0
      type-fest: 0.8.1
    dev: false

  /read-pkg/5.2.0:
    resolution:
      {
        integrity: sha512-Ug69mNOpfvKDAc2Q8DRpMjjzdtrnv9HcSMX+4VsZxD1aZ6ZzrIE7rlzXBtWTyhULSMKg076AW6WR5iZpD0JiOg==,
      }
    engines: { node: '>=8' }
    dependencies:
      '@types/normalize-package-data': 2.4.1
      normalize-package-data: 2.5.0
      parse-json: 5.2.0
      type-fest: 0.6.0
    dev: false

  /readable-stream/3.6.0:
    resolution:
      {
        integrity: sha512-BViHy7LKeTz4oNnkcLJ+lVSL6vpiFeX6/d3oSH8zCW7UxP2onchk+vTGB143xuFjHS3deTgkKoXXymXqymiIdA==,
      }
    engines: { node: '>= 6' }
    dependencies:
      inherits: 2.0.4
      string_decoder: 1.3.0
      util-deprecate: 1.0.2
    dev: false

  /redent/3.0.0:
    resolution:
      {
        integrity: sha512-6tDA8g98We0zd0GvVeMT9arEOnTw9qM03L9cJXaCjrip1OO764RDBLBfrB4cwzNGDj5OA5ioymC9GkizgWJDUg==,
      }
    engines: { node: '>=8' }
    dependencies:
      indent-string: 4.0.0
      strip-indent: 3.0.0
    dev: false

  /regenerator-runtime/0.13.9:
    resolution:
      {
        integrity: sha512-p3VT+cOEgxFsRRA9X4lkI1E+k2/CtnKtU4gcxyaCUreilL/vqI6CdZ3wxVUx3UOUg+gnUOQQcRI7BmSI656MYA==,
      }
    dev: false

  /require-directory/2.1.1:
    resolution: { integrity: sha1-jGStX9MNqxyXbiNE/+f3kqam30I= }
    engines: { node: '>=0.10.0' }
    dev: false

  /require-main-filename/2.0.0:
    resolution:
      {
        integrity: sha512-NKN5kMDylKuldxYLSUfrbo5Tuzh4hd+2E8NPPX02mZtn1VuREQToYe/ZdlJy+J3uCpfaiGF05e7B8W0iXbQHmg==,
      }
    dev: false

  /resolve-from/4.0.0:
    resolution:
      {
        integrity: sha512-pb/MYmXstAkysRFx8piNI1tGFNQIFA3vkE3Gq4EuA1dF6gHp/+vgZqsCGJapvy8N3Q+4o7FwvquPJcnZ7RYy4g==,
      }
    engines: { node: '>=4' }
    dev: false

  /resolve-from/5.0.0:
    resolution:
      {
        integrity: sha512-qYg9KP24dD5qka9J47d0aVky0N+b4fTU89LN9iDnjB5waksiC49rvMB0PrUJQGoTmH50XPiqOvAjDfaijGxYZw==,
      }
    engines: { node: '>=8' }
    dev: false

  /resolve-global/1.0.0:
    resolution:
      {
        integrity: sha512-zFa12V4OLtT5XUX/Q4VLvTfBf+Ok0SPc1FNGM/z9ctUdiU618qwKpWnd0CHs3+RqROfyEg/DhuHbMWYqcgljEw==,
      }
    engines: { node: '>=8' }
    dependencies:
      global-dirs: 0.1.1
    dev: false

  /resolve/1.20.0:
    resolution:
      {
        integrity: sha512-wENBPt4ySzg4ybFQW2TT1zMQucPK95HSh/nq2CFTZVOGut2+pQvSsgtda4d26YrYcr067wjbmzOG8byDPBX63A==,
      }
    dependencies:
      is-core-module: 2.6.0
      path-parse: 1.0.7
    dev: false

  /safe-buffer/5.2.1:
    resolution:
      {
        integrity: sha512-rp3So07KcdmmKbGvgaNxQSJr7bGVSVk5S9Eq1F+ppbRo70+YeaDxkw5Dd8NPN+GD6bjnYm2VuPuCXmpuYvmCXQ==,
      }
    dev: false

  /semver/5.7.1:
    resolution:
      {
        integrity: sha512-sauaDf/PZdVgrLTNYHRtpXa1iRiKcaebiKQ1BJdpQlWH2lCvexQdX55snPFyK7QzpudqbCI0qXFfOasHdyNDGQ==,
      }
    hasBin: true
    dev: false

  /semver/7.3.2:
    resolution:
      {
        integrity: sha512-OrOb32TeeambH6UrhtShmF7CRDqhL6/5XpPNp2DuRH6+9QLw/orhp72j87v8Qa1ScDkvrrBNpZcDejAirJmfXQ==,
      }
    engines: { node: '>=10' }
    hasBin: true
    dev: false

  /semver/7.3.5:
    resolution:
      {
        integrity: sha512-PoeGJYh8HK4BTO/a9Tf6ZG3veo/A7ZVsYrSA6J8ny9nb3B1VrpkuN+z9OE5wfE5p6H4LchYZsegiQgbJD94ZFQ==,
      }
    engines: { node: '>=10' }
    hasBin: true
    dependencies:
      lru-cache: 6.0.0
    dev: false

  /set-blocking/2.0.0:
    resolution: { integrity: sha1-BF+XgtARrppoA93TgrJDkrPYkPc= }
    dev: false

  /spdx-correct/3.1.1:
    resolution:
      {
        integrity: sha512-cOYcUWwhCuHCXi49RhFRCyJEK3iPj1Ziz9DpViV3tbZOwXD49QzIN3MpOLJNxh2qwq2lJJZaKMVw9qNi4jTC0w==,
      }
    dependencies:
      spdx-expression-parse: 3.0.1
      spdx-license-ids: 3.0.10
    dev: false

  /spdx-exceptions/2.3.0:
    resolution:
      {
        integrity: sha512-/tTrYOC7PPI1nUAgx34hUpqXuyJG+DTHJTnIULG4rDygi4xu/tfgmq1e1cIRwRzwZgo4NLySi+ricLkZkw4i5A==,
      }
    dev: false

  /spdx-expression-parse/3.0.1:
    resolution:
      {
        integrity: sha512-cbqHunsQWnJNE6KhVSMsMeH5H/L9EpymbzqTQ3uLwNCLZ1Q481oWaofqH7nO6V07xlXwY6PhQdQ2IedWx/ZK4Q==,
      }
    dependencies:
      spdx-exceptions: 2.3.0
      spdx-license-ids: 3.0.10
    dev: false

  /spdx-license-ids/3.0.10:
    resolution:
      {
        integrity: sha512-oie3/+gKf7QtpitB0LYLETe+k8SifzsX4KixvpOsbI6S0kRiRQ5MKOio8eMSAKQ17N06+wdEOXRiId+zOxo0hA==,
      }
    dev: false

  /split2/3.2.2:
    resolution:
      {
        integrity: sha512-9NThjpgZnifTkJpzTZ7Eue85S49QwpNhZTq6GRJwObb6jnLFNGB7Qm73V5HewTROPyxD0C29xqmaI68bQtV+hg==,
      }
    dependencies:
      readable-stream: 3.6.0
    dev: false

  /string-width/4.2.2:
    resolution:
      {
        integrity: sha512-XBJbT3N4JhVumXE0eoLU9DCjcaF92KLNqTmFCnG1pf8duUxFGwtP6AD6nkjw9a3IdiRtL3E2w3JDiE/xi3vOeA==,
      }
    engines: { node: '>=8' }
    dependencies:
      emoji-regex: 8.0.0
      is-fullwidth-code-point: 3.0.0
      strip-ansi: 6.0.0
    dev: false

  /string_decoder/1.3.0:
    resolution:
      {
        integrity: sha512-hkRX8U1WjJFd8LsDJ2yQ/wWWxaopEsABU1XfkM8A+j0+85JAGppt16cr1Whg6KIbb4okU6Mql6BOj+uup/wKeA==,
      }
    dependencies:
      safe-buffer: 5.2.1
    dev: false

  /strip-ansi/6.0.0:
    resolution:
      {
        integrity: sha512-AuvKTrTfQNYNIctbR1K/YGTR1756GycPsg7b9bdV9Duqur4gv6aKqHXah67Z8ImS7WEz5QVcOtlfW2rZEugt6w==,
      }
    engines: { node: '>=8' }
    dependencies:
      ansi-regex: 5.0.0
    dev: false

  /strip-indent/3.0.0:
    resolution:
      {
        integrity: sha512-laJTa3Jb+VQpaC6DseHhF7dXVqHTfJPCRDaEbid/drOhgitgYku/letMUqOXFoWV0zIIUbjpdH2t+tYj4bQMRQ==,
      }
    engines: { node: '>=8' }
    dependencies:
      min-indent: 1.0.1
    dev: false

  /supports-color/5.5.0:
    resolution:
      {
        integrity: sha512-QjVjwdXIt408MIiAqCX4oUKsgU2EqAGzs2Ppkm4aQYbjm+ZEWEcW4SfFNTr4uMNZma0ey4f5lgLrkB0aX0QMow==,
      }
    engines: { node: '>=4' }
    dependencies:
      has-flag: 3.0.0
    dev: false

  /supports-color/7.2.0:
    resolution:
      {
        integrity: sha512-qpCAvRl9stuOHveKsn7HncJRvv501qIacKzQlO/+Lwxc9+0q2wLyv4Dfvt80/DPn2pqOBsJdDiogXGR9+OvwRw==,
      }
    engines: { node: '>=8' }
    dependencies:
      has-flag: 4.0.0
    dev: false

  /text-extensions/1.9.0:
    resolution:
      {
        integrity: sha512-wiBrwC1EhBelW12Zy26JeOUkQ5mRu+5o8rpsJk5+2t+Y5vE7e842qtZDQ2g1NpX/29HdyFeJ4nSIhI47ENSxlQ==,
      }
    engines: { node: '>=0.10' }
    dev: false

  /through/2.3.8:
    resolution: { integrity: sha1-DdTJ/6q8NXlgsbckEV1+Doai4fU= }
    dev: false

  /through2/4.0.2:
    resolution:
      {
        integrity: sha512-iOqSav00cVxEEICeD7TjLB1sueEL+81Wpzp2bY17uZjZN0pWZPuo4suZ/61VujxmqSGFfgOcNuTZ85QJwNZQpw==,
      }
    dependencies:
      readable-stream: 3.6.0
    dev: false

  /trim-newlines/3.0.1:
    resolution:
      {
        integrity: sha512-c1PTsA3tYrIsLGkJkzHF+w9F2EyxfXGo4UyJc4pFL++FMjnq0HJS69T3M7d//gKrFKwy429bouPescbjecU+Zw==,
      }
    engines: { node: '>=8' }
    dev: false

  /trim-off-newlines/1.0.1:
    resolution: { integrity: sha1-n5up2e+odkw4dpi8v+sshI8RrbM= }
    engines: { node: '>=0.10.0' }
    dev: false

  /type-fest/0.18.1:
    resolution:
      {
        integrity: sha512-OIAYXk8+ISY+qTOwkHtKqzAuxchoMiD9Udx+FSGQDuiRR+PJKJHc2NJAXlbhkGwTt/4/nKZxELY1w3ReWOL8mw==,
      }
    engines: { node: '>=10' }
    dev: false

  /type-fest/0.6.0:
    resolution:
      {
        integrity: sha512-q+MB8nYR1KDLrgr4G5yemftpMC7/QLqVndBmEEdqzmNj5dcFOO4Oo8qlwZE3ULT3+Zim1F8Kq4cBnikNhlCMlg==,
      }
    engines: { node: '>=8' }
    dev: false

  /type-fest/0.8.1:
    resolution:
      {
        integrity: sha512-4dbzIzqvjtgiM5rw1k5rEHtBANKmdudhGyBEajN01fEyhaAIhsoKNy6y7+IN93IfpFtwY9iqi7kD+xwKhQsNJA==,
      }
    engines: { node: '>=8' }
    dev: false

  /universalify/0.1.2:
    resolution:
      {
        integrity: sha512-rBJeI5CXAlmy1pV+617WB9J63U6XcazHHF2f2dbJix4XzpUF0RS3Zbj0FGIOCAva5P/d/GBOYaACQ1w+0azUkg==,
      }
    engines: { node: '>= 4.0.0' }
    dev: false

  /util-deprecate/1.0.2:
    resolution: { integrity: sha1-RQ1Nyfpw3nMnYvvS1KKJgUGaDM8= }
    dev: false

  /validate-npm-package-license/3.0.4:
    resolution:
      {
        integrity: sha512-DpKm2Ui/xN7/HQKCtpZxoRWBhZ9Z0kqtygG8XCgNQ8ZlDnxuQmWhj566j8fN4Cu3/JmbhsDo7fcAJq4s9h27Ew==,
      }
    dependencies:
      spdx-correct: 3.1.1
      spdx-expression-parse: 3.0.1
    dev: false

  /which-module/2.0.0:
    resolution: { integrity: sha1-2e8H3Od7mQK4o6j6SzHD4/fm6Ho= }
    dev: false

  /wrap-ansi/6.2.0:
    resolution:
      {
        integrity: sha512-r6lPcBGxZXlIcymEu7InxDMhdW0KDxpLgoFLcguasxCaJ/SOIZwINatK9KY/tf+ZrlywOKU0UDj3ATXUBfxJXA==,
      }
    engines: { node: '>=8' }
    dependencies:
      ansi-styles: 4.3.0
      string-width: 4.2.2
      strip-ansi: 6.0.0
    dev: false

  /y18n/4.0.3:
    resolution:
      {
        integrity: sha512-JKhqTOwSrqNA1NY5lSztJ1GrBiUodLMmIZuLiDaMRJ+itFd+ABVE8XBjOvIWL+rSqNDC74LCSFmlb/U4UZ4hJQ==,
      }
    dev: false

  /yallist/4.0.0:
    resolution:
      {
        integrity: sha512-3wdGidZyq5PB084XLES5TpOSRA3wjXAlIWMhum2kRcv/41Sn2emQ0dycQW4uZXLejwKvg6EsvbdlVL+FYEct7A==,
      }
    dev: false

  /yaml/1.10.2:
    resolution:
      {
        integrity: sha512-r3vXyErRCYJ7wg28yvBY5VSoAF8ZvlcW9/BwUzEtUsjvX/DKs24dIkuwjtuprwJJHsbyUbLApepYTR1BN4uHrg==,
      }
    engines: { node: '>= 6' }
    dev: false

  /yargs-parser/18.1.3:
    resolution:
      {
        integrity: sha512-o50j0JeToy/4K6OZcaQmW6lyXXKhq7csREXcDwk2omFPJEwUNOVtJKvmDr9EI1fAJZUyZcRF7kxGBWmRXudrCQ==,
      }
    engines: { node: '>=6' }
    dependencies:
      camelcase: 5.3.1
      decamelize: 1.2.0
    dev: false

  /yargs-parser/20.2.9:
    resolution:
      {
        integrity: sha512-y11nGElTIV+CT3Zv9t7VKl+Q3hTQoT9a1Qzezhhl6Rp21gJ/IVTW7Z3y9EWXhuUBC2Shnf+DX0antecpAwSP8w==,
      }
    engines: { node: '>=10' }
    dev: false

  /yargs/15.4.1:
    resolution:
      {
        integrity: sha512-aePbxDmcYW++PaqBsJ+HYUFwCdv4LVvdnhBy78E57PIor8/OVvhMrADFFEDh8DHDFRv/O9i3lPhsENjO7QX0+A==,
      }
    engines: { node: '>=8' }
    dependencies:
      cliui: 6.0.0
      decamelize: 1.2.0
      find-up: 4.1.0
      get-caller-file: 2.0.5
      require-directory: 2.1.1
      require-main-filename: 2.0.0
      set-blocking: 2.0.0
      string-width: 4.2.2
      which-module: 2.0.0
      y18n: 4.0.3
      yargs-parser: 18.1.3
    dev: false
